
Microsoft Visual Studio Solution File, Format Version 12.00
Project("{FAE04EC0-301F-11D3-BF4B-00C04F79EFBC}") = "DesafioTecnicoFramework.Api", "DesafioTecnicoFramework.Api\DesafioTecnicoFramework.Api.csproj", "{55404DA2-61BB-4235-80D4-CA7012CB71E6}"
EndProject
Project("{FAE04EC0-301F-11D3-BF4B-00C04F79EFBC}") = "DesafioTecnicoFramework.Test", "DesafioTecnicoFramework.Test\DesafioTecnicoFramework.Test.csproj", "{1082EC14-6284-44BC-98AC-D9005F6F3BCF}"
EndProject
Global
	GlobalSection(SolutionConfigurationPlatforms) = preSolution
		Debug|Any CPU = Debug|Any CPU
		Release|Any CPU = Release|Any CPU
	EndGlobalSection
	GlobalSection(ProjectConfigurationPlatforms) = postSolution
		{55404DA2-61BB-4235-80D4-CA7012CB71E6}.Debug|Any CPU.ActiveCfg = Debug|Any CPU
		{55404DA2-61BB-4235-80D4-CA7012CB71E6}.Debug|Any CPU.Build.0 = Debug|Any CPU
		{55404DA2-61BB-4235-80D4-CA7012CB71E6}.Release|Any CPU.ActiveCfg = Release|Any CPU
		{55404DA2-61BB-4235-80D4-CA7012CB71E6}.Release|Any CPU.Build.0 = Release|Any CPU
		{1082EC14-6284-44BC-98AC-D9005F6F3BCF}.Debug|Any CPU.ActiveCfg = Debug|Any CPU
		{1082EC14-6284-44BC-98AC-D9005F6F3BCF}.Debug|Any CPU.Build.0 = Debug|Any CPU
		{1082EC14-6284-44BC-98AC-D9005F6F3BCF}.Release|Any CPU.ActiveCfg = Release|Any CPU
		{1082EC14-6284-44BC-98AC-D9005F6F3BCF}.Release|Any CPU.Build.0 = Release|Any CPU
	EndGlobalSection
EndGlobal
